
Microsoft Visual Studio Solution File, Format Version 12.00
# Visual Studio Version 17
VisualStudioVersion = 17.3.32929.385
MinimumVisualStudioVersion = 10.0.40219.1
Project("{FAE04EC0-301F-11D3-BF4B-00C04F79EFBC}") = "RequestEnvoyCounters", "RequestEnvoyCounters\RequestEnvoyCounters.csproj", "{5CC53F97-4AF4-4CDE-AE88-559598EAADBA}"
EndProject
Global
	GlobalSection(SolutionConfigurationPlatforms) = preSolution
		Debug|Any CPU = Debug|Any CPU
		Release|Any CPU = Release|Any CPU
	EndGlobalSection
	GlobalSection(ProjectConfigurationPlatforms) = postSolution
		{5CC53F97-4AF4-4CDE-AE88-559598EAADBA}.Debug|Any CPU.ActiveCfg = Debug|Any CPU
		{5CC53F97-4AF4-4CDE-AE88-559598EAADBA}.Debug|Any CPU.Build.0 = Debug|Any CPU
		{5CC53F97-4AF4-4CDE-AE88-559598EAADBA}.Release|Any CPU.ActiveCfg = Release|Any CPU
		{5CC53F97-4AF4-4CDE-AE88-559598EAADBA}.Release|Any CPU.Build.0 = Release|Any CPU
	EndGlobalSection
	GlobalSection(SolutionProperties) = preSolution
		HideSolutionNode = FALSE
	EndGlobalSection
	GlobalSection(ExtensibilityGlobals) = postSolution
		SolutionGuid = {2E8B7005-AD7F-475F-A951-9BF736AAC562}
	EndGlobalSection
EndGlobal
